
Microsoft Visual Studio Solution File, Format Version 12.00
# Visual Studio Version 16
VisualStudioVersion = 16.0.31205.134
MinimumVisualStudioVersion = 10.0.40219.1
Project("{FAE04EC0-301F-11D3-BF4B-00C04F79EFBC}") = "Picture _INOUT", "Picture _INOUT\Picture _INOUT.csproj", "{65E2B028-23EA-42F9-BE25-29D27C6C7624}"
EndProject
Global
	GlobalSection(SolutionConfigurationPlatforms) = preSolution
		Debug|Any CPU = Debug|Any CPU
		Release|Any CPU = Release|Any CPU
	EndGlobalSection
	GlobalSection(ProjectConfigurationPlatforms) = postSolution
		{65E2B028-23EA-42F9-BE25-29D27C6C7624}.Debug|Any CPU.ActiveCfg = Debug|Any CPU
		{65E2B028-23EA-42F9-BE25-29D27C6C7624}.Debug|Any CPU.Build.0 = Debug|Any CPU
		{65E2B028-23EA-42F9-BE25-29D27C6C7624}.Release|Any CPU.ActiveCfg = Release|Any CPU
		{65E2B028-23EA-42F9-BE25-29D27C6C7624}.Release|Any CPU.Build.0 = Release|Any CPU
	EndGlobalSection
	GlobalSection(SolutionProperties) = preSolution
		HideSolutionNode = FALSE
	EndGlobalSection
	GlobalSection(ExtensibilityGlobals) = postSolution
		SolutionGuid = {1B1D7C87-86B1-44D5-BADD-727C7A5F1151}
	EndGlobalSection
EndGlobal
